// !$*UTF8*$!
{
	archiveVersion = 1;
	classes = {
	};
	objectVersion = 52;
	objects = {

/* Begin PBXBuildFile section */
		1301E0F723428D2D0038ACA9 /* AppDelegate.swift in Sources */ = {isa = PBXBuildFile; fileRef = 1301E0F623428D2D0038ACA9 /* AppDelegate.swift */; };
		1301E0F923428D2D0038ACA9 /* SceneDelegate.swift in Sources */ = {isa = PBXBuildFile; fileRef = 1301E0F823428D2D0038ACA9 /* SceneDelegate.swift */; };
		1301E0FC23428D2D0038ACA9 /* UniRadar.xcdatamodeld in Sources */ = {isa = PBXBuildFile; fileRef = 1301E0FA23428D2D0038ACA9 /* UniRadar.xcdatamodeld */; };
		1301E10023428D2E0038ACA9 /* Assets.xcassets in Resources */ = {isa = PBXBuildFile; fileRef = 1301E0FF23428D2E0038ACA9 /* Assets.xcassets */; };
		1301E10323428D2E0038ACA9 /* Preview Assets.xcassets in Resources */ = {isa = PBXBuildFile; fileRef = 1301E10223428D2E0038ACA9 /* Preview Assets.xcassets */; };
		1301E10623428D2E0038ACA9 /* LaunchScreen.storyboard in Resources */ = {isa = PBXBuildFile; fileRef = 1301E10423428D2E0038ACA9 /* LaunchScreen.storyboard */; };
		1312EF7823722DC100650D18 /* +Color.swift in Sources */ = {isa = PBXBuildFile; fileRef = 1312EF7723722DC100650D18 /* +Color.swift */; };
		13BD5C0623735A5E00B44A26 /* +Utils.swift in Sources */ = {isa = PBXBuildFile; fileRef = 13BD5C0523735A5E00B44A26 /* +Utils.swift */; };
		C9356635244A6E6E006B1164 /* BarShape.swift in Sources */ = {isa = PBXBuildFile; fileRef = C9356634244A6E6E006B1164 /* BarShape.swift */; };
		C9555B6D2450E6820031933D /* Lottie in Frameworks */ = {isa = PBXBuildFile; productRef = C9555B6C2450E6820031933D /* Lottie */; };
		C9555B6F2450E8340031933D /* LottieView.swift in Sources */ = {isa = PBXBuildFile; fileRef = C9555B6E2450E8340031933D /* LottieView.swift */; };
		C9766D0E2443D6260056726D /* MainView.swift in Sources */ = {isa = PBXBuildFile; fileRef = C9766D0D2443D6260056726D /* MainView.swift */; };
		C9766D112443DBB40056726D /* HomeView.swift in Sources */ = {isa = PBXBuildFile; fileRef = C9766D102443DBB40056726D /* HomeView.swift */; };
		C9A52E772448C4FD00C3EF9C /* DataCard.swift in Sources */ = {isa = PBXBuildFile; fileRef = C9A52E762448C4FD00C3EF9C /* DataCard.swift */; };
		C9A52E792448C9D900C3EF9C /* CircularProgressBar.swift in Sources */ = {isa = PBXBuildFile; fileRef = C9A52E782448C9D900C3EF9C /* CircularProgressBar.swift */; };
		C9CED55F243E6E7000FDE90C /* SplashScreenView.swift in Sources */ = {isa = PBXBuildFile; fileRef = C9CED55E243E6E7000FDE90C /* SplashScreenView.swift */; };
		C9D2A9F5244BEDB600CA8AAE /* MarksView.swift in Sources */ = {isa = PBXBuildFile; fileRef = C9D2A9F4244BEDB600CA8AAE /* MarksView.swift */; };
		C9D2A9F7244BFAA300CA8AAE /* Mark.swift in Sources */ = {isa = PBXBuildFile; fileRef = C9D2A9F6244BFAA300CA8AAE /* Mark.swift */; };
		C9D2A9F9244C0CD800CA8AAE /* StatsView.swift in Sources */ = {isa = PBXBuildFile; fileRef = C9D2A9F8244C0CD800CA8AAE /* StatsView.swift */; };
		C9D2A9FC244D0D6500CA8AAE /* RemindersView.swift in Sources */ = {isa = PBXBuildFile; fileRef = C9D2A9FB244D0D6500CA8AAE /* RemindersView.swift */; };
		C9D2A9FE244D1F5200CA8AAE /* ReminderForm.swift in Sources */ = {isa = PBXBuildFile; fileRef = C9D2A9FD244D1F5200CA8AAE /* ReminderForm.swift */; };
		C9EF67F424535944005A2CA0 /* ExamForm.swift in Sources */ = {isa = PBXBuildFile; fileRef = C9EF67F324535944005A2CA0 /* ExamForm.swift */; };
		C9EF67F6245362A6005A2CA0 /* +View.swift in Sources */ = {isa = PBXBuildFile; fileRef = C9EF67F5245362A6005A2CA0 /* +View.swift */; };
		C9EF67F82453A92B005A2CA0 /* GradientPickerView.swift in Sources */ = {isa = PBXBuildFile; fileRef = C9EF67F72453A92B005A2CA0 /* GradientPickerView.swift */; };
		C9EF67FA2453CA93005A2CA0 /* +Date.swift in Sources */ = {isa = PBXBuildFile; fileRef = C9EF67F92453CA93005A2CA0 /* +Date.swift */; };
		C9FDD70D244E56ED003A31CF /* ExamsView.swift in Sources */ = {isa = PBXBuildFile; fileRef = C9FDD70C244E56ED003A31CF /* ExamsView.swift */; };
/* End PBXBuildFile section */

/* Begin PBXFileReference section */
		1301E0F323428D2D0038ACA9 /* UniRadar.app */ = {isa = PBXFileReference; explicitFileType = wrapper.application; includeInIndex = 0; path = UniRadar.app; sourceTree = BUILT_PRODUCTS_DIR; };
		1301E0F623428D2D0038ACA9 /* AppDelegate.swift */ = {isa = PBXFileReference; lastKnownFileType = sourcecode.swift; path = AppDelegate.swift; sourceTree = "<group>"; };
		1301E0F823428D2D0038ACA9 /* SceneDelegate.swift */ = {isa = PBXFileReference; lastKnownFileType = sourcecode.swift; path = SceneDelegate.swift; sourceTree = "<group>"; };
		1301E0FB23428D2D0038ACA9 /* UniRadar.xcdatamodel */ = {isa = PBXFileReference; lastKnownFileType = wrapper.xcdatamodel; path = UniRadar.xcdatamodel; sourceTree = "<group>"; };
		1301E0FF23428D2E0038ACA9 /* Assets.xcassets */ = {isa = PBXFileReference; lastKnownFileType = folder.assetcatalog; path = Assets.xcassets; sourceTree = "<group>"; };
		1301E10223428D2E0038ACA9 /* Preview Assets.xcassets */ = {isa = PBXFileReference; lastKnownFileType = folder.assetcatalog; path = "Preview Assets.xcassets"; sourceTree = "<group>"; };
		1301E10523428D2E0038ACA9 /* Base */ = {isa = PBXFileReference; lastKnownFileType = file.storyboard; name = Base; path = Base.lproj/LaunchScreen.storyboard; sourceTree = "<group>"; };
		1301E10723428D2E0038ACA9 /* Info.plist */ = {isa = PBXFileReference; lastKnownFileType = text.plist.xml; path = Info.plist; sourceTree = "<group>"; };
		1312EF7723722DC100650D18 /* +Color.swift */ = {isa = PBXFileReference; lastKnownFileType = sourcecode.swift; path = "+Color.swift"; sourceTree = "<group>"; };
		13BD5C0523735A5E00B44A26 /* +Utils.swift */ = {isa = PBXFileReference; lastKnownFileType = sourcecode.swift; path = "+Utils.swift"; sourceTree = "<group>"; };
		C9356634244A6E6E006B1164 /* BarShape.swift */ = {isa = PBXFileReference; lastKnownFileType = sourcecode.swift; path = BarShape.swift; sourceTree = "<group>"; };
		C9555B6E2450E8340031933D /* LottieView.swift */ = {isa = PBXFileReference; lastKnownFileType = sourcecode.swift; path = LottieView.swift; sourceTree = "<group>"; };
		C9766D0D2443D6260056726D /* MainView.swift */ = {isa = PBXFileReference; lastKnownFileType = sourcecode.swift; path = MainView.swift; sourceTree = "<group>"; };
		C9766D102443DBB40056726D /* HomeView.swift */ = {isa = PBXFileReference; lastKnownFileType = sourcecode.swift; path = HomeView.swift; sourceTree = "<group>"; };
		C9A52E762448C4FD00C3EF9C /* DataCard.swift */ = {isa = PBXFileReference; lastKnownFileType = sourcecode.swift; path = DataCard.swift; sourceTree = "<group>"; };
		C9A52E782448C9D900C3EF9C /* CircularProgressBar.swift */ = {isa = PBXFileReference; lastKnownFileType = sourcecode.swift; path = CircularProgressBar.swift; sourceTree = "<group>"; };
		C9CED55E243E6E7000FDE90C /* SplashScreenView.swift */ = {isa = PBXFileReference; lastKnownFileType = sourcecode.swift; path = SplashScreenView.swift; sourceTree = "<group>"; };
		C9D2A9F4244BEDB600CA8AAE /* MarksView.swift */ = {isa = PBXFileReference; lastKnownFileType = sourcecode.swift; path = MarksView.swift; sourceTree = "<group>"; };
		C9D2A9F6244BFAA300CA8AAE /* Mark.swift */ = {isa = PBXFileReference; lastKnownFileType = sourcecode.swift; name = Mark.swift; path = UniRadar/Views/Home/HomeViews/Mark.swift; sourceTree = SOURCE_ROOT; };
		C9D2A9F8244C0CD800CA8AAE /* StatsView.swift */ = {isa = PBXFileReference; lastKnownFileType = sourcecode.swift; path = StatsView.swift; sourceTree = "<group>"; };
		C9D2A9FB244D0D6500CA8AAE /* RemindersView.swift */ = {isa = PBXFileReference; lastKnownFileType = sourcecode.swift; path = RemindersView.swift; sourceTree = "<group>"; };
		C9D2A9FD244D1F5200CA8AAE /* ReminderForm.swift */ = {isa = PBXFileReference; lastKnownFileType = sourcecode.swift; path = ReminderForm.swift; sourceTree = "<group>"; };
		C9EF67F324535944005A2CA0 /* ExamForm.swift */ = {isa = PBXFileReference; lastKnownFileType = sourcecode.swift; path = ExamForm.swift; sourceTree = "<group>"; };
		C9EF67F5245362A6005A2CA0 /* +View.swift */ = {isa = PBXFileReference; lastKnownFileType = sourcecode.swift; path = "+View.swift"; sourceTree = "<group>"; };
		C9EF67F72453A92B005A2CA0 /* GradientPickerView.swift */ = {isa = PBXFileReference; lastKnownFileType = sourcecode.swift; path = GradientPickerView.swift; sourceTree = "<group>"; };
		C9EF67F92453CA93005A2CA0 /* +Date.swift */ = {isa = PBXFileReference; lastKnownFileType = sourcecode.swift; path = "+Date.swift"; sourceTree = "<group>"; };
		C9FDD70C244E56ED003A31CF /* ExamsView.swift */ = {isa = PBXFileReference; lastKnownFileType = sourcecode.swift; path = ExamsView.swift; sourceTree = "<group>"; };
/* End PBXFileReference section */

/* Begin PBXFrameworksBuildPhase section */
		1301E0F023428D2D0038ACA9 /* Frameworks */ = {
			isa = PBXFrameworksBuildPhase;
			buildActionMask = 2147483647;
			files = (
				C9555B6D2450E6820031933D /* Lottie in Frameworks */,
			);
			runOnlyForDeploymentPostprocessing = 0;
		};
/* End PBXFrameworksBuildPhase section */

/* Begin PBXGroup section */
		1301E0EA23428D2D0038ACA9 = {
			isa = PBXGroup;
			children = (
				1301E0F523428D2D0038ACA9 /* UniRadar */,
				1301E0F423428D2D0038ACA9 /* Products */,
			);
			sourceTree = "<group>";
		};
		1301E0F423428D2D0038ACA9 /* Products */ = {
			isa = PBXGroup;
			children = (
				1301E0F323428D2D0038ACA9 /* UniRadar.app */,
			);
			name = Products;
			sourceTree = "<group>";
		};
		1301E0F523428D2D0038ACA9 /* UniRadar */ = {
			isa = PBXGroup;
			children = (
				1312EF7623722DB300650D18 /* Utils */,
				1301E10D23428D410038ACA9 /* Model */,
				1301E10E23428D450038ACA9 /* Views */,
				1301E0F623428D2D0038ACA9 /* AppDelegate.swift */,
				1301E0F823428D2D0038ACA9 /* SceneDelegate.swift */,
				1301E0FF23428D2E0038ACA9 /* Assets.xcassets */,
				1301E10423428D2E0038ACA9 /* LaunchScreen.storyboard */,
				1301E10723428D2E0038ACA9 /* Info.plist */,
				1301E0FA23428D2D0038ACA9 /* UniRadar.xcdatamodeld */,
				1301E10123428D2E0038ACA9 /* Preview Content */,
			);
			path = UniRadar;
			sourceTree = "<group>";
		};
		1301E10123428D2E0038ACA9 /* Preview Content */ = {
			isa = PBXGroup;
			children = (
				1301E10223428D2E0038ACA9 /* Preview Assets.xcassets */,
			);
			path = "Preview Content";
			sourceTree = "<group>";
		};
		1301E10D23428D410038ACA9 /* Model */ = {
			isa = PBXGroup;
			children = (
				C9D2A9F6244BFAA300CA8AAE /* Mark.swift */,
			);
			path = Model;
			sourceTree = "<group>";
		};
		1301E10E23428D450038ACA9 /* Views */ = {
			isa = PBXGroup;
			children = (
				C9FDD70B244E56DF003A31CF /* Exams */,
				C9D2A9FA244D0D4300CA8AAE /* Reminders */,
				C9356633244A6E49006B1164 /* Graphs */,
				C9A52E752448C4EB00C3EF9C /* Components */,
				C9766D0F2443DB9C0056726D /* Home */,
				C908406A242968F700259918 /* SplashScreen */,
				C9766D0D2443D6260056726D /* MainView.swift */,
			);
			path = Views;
			sourceTree = "<group>";
		};
		1312EF7623722DB300650D18 /* Utils */ = {
			isa = PBXGroup;
			children = (
				1312EF7723722DC100650D18 /* +Color.swift */,
				13BD5C0523735A5E00B44A26 /* +Utils.swift */,
				C9EF67F5245362A6005A2CA0 /* +View.swift */,
				C9EF67F92453CA93005A2CA0 /* +Date.swift */,
			);
			path = Utils;
			sourceTree = "<group>";
		};
		C908406A242968F700259918 /* SplashScreen */ = {
			isa = PBXGroup;
			children = (
				C9CED55E243E6E7000FDE90C /* SplashScreenView.swift */,
			);
			path = SplashScreen;
			sourceTree = "<group>";
		};
		C9356633244A6E49006B1164 /* Graphs */ = {
			isa = PBXGroup;
			children = (
				C9A52E782448C9D900C3EF9C /* CircularProgressBar.swift */,
				C9356634244A6E6E006B1164 /* BarShape.swift */,
			);
			path = Graphs;
			sourceTree = "<group>";
		};
		C9766D0F2443DB9C0056726D /* Home */ = {
			isa = PBXGroup;
			children = (
				C9D2A9F3244BED9B00CA8AAE /* HomeViews */,
				C9766D102443DBB40056726D /* HomeView.swift */,
			);
			path = Home;
			sourceTree = "<group>";
		};
		C9A52E752448C4EB00C3EF9C /* Components */ = {
			isa = PBXGroup;
			children = (
				C9A52E762448C4FD00C3EF9C /* DataCard.swift */,
				C9555B6E2450E8340031933D /* LottieView.swift */,
				C9EF67F72453A92B005A2CA0 /* GradientPickerView.swift */,
			);
			path = Components;
			sourceTree = "<group>";
		};
		C9D2A9F3244BED9B00CA8AAE /* HomeViews */ = {
			isa = PBXGroup;
			children = (
				C9D2A9F4244BEDB600CA8AAE /* MarksView.swift */,
				C9D2A9F8244C0CD800CA8AAE /* StatsView.swift */,
			);
			path = HomeViews;
			sourceTree = "<group>";
		};
		C9D2A9FA244D0D4300CA8AAE /* Reminders */ = {
			isa = PBXGroup;
			children = (
				C9D2A9FB244D0D6500CA8AAE /* RemindersView.swift */,
				C9D2A9FD244D1F5200CA8AAE /* ReminderForm.swift */,
			);
			path = Reminders;
			sourceTree = "<group>";
		};
		C9FDD70B244E56DF003A31CF /* Exams */ = {
			isa = PBXGroup;
			children = (
				C9FDD70C244E56ED003A31CF /* ExamsView.swift */,
				C9EF67F324535944005A2CA0 /* ExamForm.swift */,
			);
			path = Exams;
			sourceTree = "<group>";
		};
/* End PBXGroup section */

/* Begin PBXNativeTarget section */
		1301E0F223428D2D0038ACA9 /* UniRadar */ = {
			isa = PBXNativeTarget;
			buildConfigurationList = 1301E10A23428D2E0038ACA9 /* Build configuration list for PBXNativeTarget "UniRadar" */;
			buildPhases = (
				1301E0EF23428D2D0038ACA9 /* Sources */,
				1301E0F023428D2D0038ACA9 /* Frameworks */,
				1301E0F123428D2D0038ACA9 /* Resources */,
			);
			buildRules = (
			);
			dependencies = (
			);
			name = UniRadar;
			packageProductDependencies = (
				C9555B6C2450E6820031933D /* Lottie */,
			);
			productName = UniRadar;
			productReference = 1301E0F323428D2D0038ACA9 /* UniRadar.app */;
			productType = "com.apple.product-type.application";
		};
/* End PBXNativeTarget section */

/* Begin PBXProject section */
		1301E0EB23428D2D0038ACA9 /* Project object */ = {
			isa = PBXProject;
			attributes = {
				LastSwiftUpdateCheck = 1100;
				LastUpgradeCheck = 1100;
				ORGANIZATIONNAME = "Mattia Righetti";
				TargetAttributes = {
					1301E0F223428D2D0038ACA9 = {
						CreatedOnToolsVersion = 11.0;
					};
				};
			};
			buildConfigurationList = 1301E0EE23428D2D0038ACA9 /* Build configuration list for PBXProject "UniRadar" */;
			compatibilityVersion = "Xcode 9.3";
			developmentRegion = en;
			hasScannedForEncodings = 0;
			knownRegions = (
				en,
				Base,
			);
			mainGroup = 1301E0EA23428D2D0038ACA9;
			packageReferences = (
				C9555B6B2450E6820031933D /* XCRemoteSwiftPackageReference "lottie-ios" */,
			);
			productRefGroup = 1301E0F423428D2D0038ACA9 /* Products */;
			projectDirPath = "";
			projectRoot = "";
			targets = (
				1301E0F223428D2D0038ACA9 /* UniRadar */,
			);
		};
/* End PBXProject section */

/* Begin PBXResourcesBuildPhase section */
		1301E0F123428D2D0038ACA9 /* Resources */ = {
			isa = PBXResourcesBuildPhase;
			buildActionMask = 2147483647;
			files = (
				1301E10623428D2E0038ACA9 /* LaunchScreen.storyboard in Resources */,
				1301E10323428D2E0038ACA9 /* Preview Assets.xcassets in Resources */,
				1301E10023428D2E0038ACA9 /* Assets.xcassets in Resources */,
			);
			runOnlyForDeploymentPostprocessing = 0;
		};
/* End PBXResourcesBuildPhase section */

/* Begin PBXSourcesBuildPhase section */
		1301E0EF23428D2D0038ACA9 /* Sources */ = {
			isa = PBXSourcesBuildPhase;
			buildActionMask = 2147483647;
			files = (
				C9CED55F243E6E7000FDE90C /* SplashScreenView.swift in Sources */,
				C9356635244A6E6E006B1164 /* BarShape.swift in Sources */,
				C9D2A9FC244D0D6500CA8AAE /* RemindersView.swift in Sources */,
				C9766D0E2443D6260056726D /* MainView.swift in Sources */,
				C9EF67F6245362A6005A2CA0 /* +View.swift in Sources */,
				C9EF67F424535944005A2CA0 /* ExamForm.swift in Sources */,
				C9766D112443DBB40056726D /* HomeView.swift in Sources */,
				1301E0FC23428D2D0038ACA9 /* UniRadar.xcdatamodeld in Sources */,
				1301E0F723428D2D0038ACA9 /* AppDelegate.swift in Sources */,
				C9D2A9FE244D1F5200CA8AAE /* ReminderForm.swift in Sources */,
				1312EF7823722DC100650D18 /* +Color.swift in Sources */,
				C9D2A9F5244BEDB600CA8AAE /* MarksView.swift in Sources */,
				C9A52E772448C4FD00C3EF9C /* DataCard.swift in Sources */,
				C9555B6F2450E8340031933D /* LottieView.swift in Sources */,
				1301E0F923428D2D0038ACA9 /* SceneDelegate.swift in Sources */,
				C9FDD70D244E56ED003A31CF /* ExamsView.swift in Sources */,
				13BD5C0623735A5E00B44A26 /* +Utils.swift in Sources */,
				C9D2A9F7244BFAA300CA8AAE /* Mark.swift in Sources */,
				C9D2A9F9244C0CD800CA8AAE /* StatsView.swift in Sources */,
				C9EF67FA2453CA93005A2CA0 /* +Date.swift in Sources */,
				C9A52E792448C9D900C3EF9C /* CircularProgressBar.swift in Sources */,
				C9EF67F82453A92B005A2CA0 /* GradientPickerView.swift in Sources */,
			);
			runOnlyForDeploymentPostprocessing = 0;
		};
/* End PBXSourcesBuildPhase section */

/* Begin PBXVariantGroup section */
		1301E10423428D2E0038ACA9 /* LaunchScreen.storyboard */ = {
			isa = PBXVariantGroup;
			children = (
				1301E10523428D2E0038ACA9 /* Base */,
			);
			name = LaunchScreen.storyboard;
			sourceTree = "<group>";
		};
/* End PBXVariantGroup section */

/* Begin XCBuildConfiguration section */
		1301E10823428D2E0038ACA9 /* Debug */ = {
			isa = XCBuildConfiguration;
			buildSettings = {
				ALWAYS_SEARCH_USER_PATHS = NO;
				CLANG_ANALYZER_NONNULL = YES;
				CLANG_ANALYZER_NUMBER_OBJECT_CONVERSION = YES_AGGRESSIVE;
				CLANG_CXX_LANGUAGE_STANDARD = "gnu++14";
				CLANG_CXX_LIBRARY = "libc++";
				CLANG_ENABLE_MODULES = YES;
				CLANG_ENABLE_OBJC_ARC = YES;
				CLANG_ENABLE_OBJC_WEAK = YES;
				CLANG_WARN_BLOCK_CAPTURE_AUTORELEASING = YES;
				CLANG_WARN_BOOL_CONVERSION = YES;
				CLANG_WARN_COMMA = YES;
				CLANG_WARN_CONSTANT_CONVERSION = YES;
				CLANG_WARN_DEPRECATED_OBJC_IMPLEMENTATIONS = YES;
				CLANG_WARN_DIRECT_OBJC_ISA_USAGE = YES_ERROR;
				CLANG_WARN_DOCUMENTATION_COMMENTS = YES;
				CLANG_WARN_EMPTY_BODY = YES;
				CLANG_WARN_ENUM_CONVERSION = YES;
				CLANG_WARN_INFINITE_RECURSION = YES;
				CLANG_WARN_INT_CONVERSION = YES;
				CLANG_WARN_NON_LITERAL_NULL_CONVERSION = YES;
				CLANG_WARN_OBJC_IMPLICIT_RETAIN_SELF = YES;
				CLANG_WARN_OBJC_LITERAL_CONVERSION = YES;
				CLANG_WARN_OBJC_ROOT_CLASS = YES_ERROR;
				CLANG_WARN_RANGE_LOOP_ANALYSIS = YES;
				CLANG_WARN_STRICT_PROTOTYPES = YES;
				CLANG_WARN_SUSPICIOUS_MOVE = YES;
				CLANG_WARN_UNGUARDED_AVAILABILITY = YES_AGGRESSIVE;
				CLANG_WARN_UNREACHABLE_CODE = YES;
				CLANG_WARN__DUPLICATE_METHOD_MATCH = YES;
				COPY_PHASE_STRIP = NO;
				DEAD_CODE_STRIPPING = YES;
				DEBUG_INFORMATION_FORMAT = dwarf;
				ENABLE_STRICT_OBJC_MSGSEND = YES;
				ENABLE_TESTABILITY = YES;
				GCC_C_LANGUAGE_STANDARD = gnu11;
				GCC_DYNAMIC_NO_PIC = NO;
				GCC_NO_COMMON_BLOCKS = YES;
				GCC_OPTIMIZATION_LEVEL = 0;
				GCC_PREPROCESSOR_DEFINITIONS = (
					"DEBUG=1",
					"$(inherited)",
				);
				GCC_WARN_64_TO_32_BIT_CONVERSION = YES;
				GCC_WARN_ABOUT_RETURN_TYPE = YES_ERROR;
				GCC_WARN_UNDECLARED_SELECTOR = YES;
				GCC_WARN_UNINITIALIZED_AUTOS = YES_AGGRESSIVE;
				GCC_WARN_UNUSED_FUNCTION = YES;
				GCC_WARN_UNUSED_VARIABLE = YES;
				IPHONEOS_DEPLOYMENT_TARGET = 13.0;
				MTL_ENABLE_DEBUG_INFO = INCLUDE_SOURCE;
				MTL_FAST_MATH = YES;
				ONLY_ACTIVE_ARCH = YES;
				SDKROOT = iphoneos;
				SWIFT_ACTIVE_COMPILATION_CONDITIONS = DEBUG;
				SWIFT_OPTIMIZATION_LEVEL = "-Onone";
			};
			name = Debug;
		};
		1301E10923428D2E0038ACA9 /* Release */ = {
			isa = XCBuildConfiguration;
			buildSettings = {
				ALWAYS_SEARCH_USER_PATHS = NO;
				CLANG_ANALYZER_NONNULL = YES;
				CLANG_ANALYZER_NUMBER_OBJECT_CONVERSION = YES_AGGRESSIVE;
				CLANG_CXX_LANGUAGE_STANDARD = "gnu++14";
				CLANG_CXX_LIBRARY = "libc++";
				CLANG_ENABLE_MODULES = YES;
				CLANG_ENABLE_OBJC_ARC = YES;
				CLANG_ENABLE_OBJC_WEAK = YES;
				CLANG_WARN_BLOCK_CAPTURE_AUTORELEASING = YES;
				CLANG_WARN_BOOL_CONVERSION = YES;
				CLANG_WARN_COMMA = YES;
				CLANG_WARN_CONSTANT_CONVERSION = YES;
				CLANG_WARN_DEPRECATED_OBJC_IMPLEMENTATIONS = YES;
				CLANG_WARN_DIRECT_OBJC_ISA_USAGE = YES_ERROR;
				CLANG_WARN_DOCUMENTATION_COMMENTS = YES;
				CLANG_WARN_EMPTY_BODY = YES;
				CLANG_WARN_ENUM_CONVERSION = YES;
				CLANG_WARN_INFINITE_RECURSION = YES;
				CLANG_WARN_INT_CONVERSION = YES;
				CLANG_WARN_NON_LITERAL_NULL_CONVERSION = YES;
				CLANG_WARN_OBJC_IMPLICIT_RETAIN_SELF = YES;
				CLANG_WARN_OBJC_LITERAL_CONVERSION = YES;
				CLANG_WARN_OBJC_ROOT_CLASS = YES_ERROR;
				CLANG_WARN_RANGE_LOOP_ANALYSIS = YES;
				CLANG_WARN_STRICT_PROTOTYPES = YES;
				CLANG_WARN_SUSPICIOUS_MOVE = YES;
				CLANG_WARN_UNGUARDED_AVAILABILITY = YES_AGGRESSIVE;
				CLANG_WARN_UNREACHABLE_CODE = YES;
				CLANG_WARN__DUPLICATE_METHOD_MATCH = YES;
				COPY_PHASE_STRIP = NO;
				DEAD_CODE_STRIPPING = YES;
				DEBUG_INFORMATION_FORMAT = "dwarf-with-dsym";
				ENABLE_NS_ASSERTIONS = NO;
				ENABLE_STRICT_OBJC_MSGSEND = YES;
				GCC_C_LANGUAGE_STANDARD = gnu11;
				GCC_NO_COMMON_BLOCKS = YES;
				GCC_WARN_64_TO_32_BIT_CONVERSION = YES;
				GCC_WARN_ABOUT_RETURN_TYPE = YES_ERROR;
				GCC_WARN_UNDECLARED_SELECTOR = YES;
				GCC_WARN_UNINITIALIZED_AUTOS = YES_AGGRESSIVE;
				GCC_WARN_UNUSED_FUNCTION = YES;
				GCC_WARN_UNUSED_VARIABLE = YES;
				IPHONEOS_DEPLOYMENT_TARGET = 13.0;
				MTL_ENABLE_DEBUG_INFO = NO;
				MTL_FAST_MATH = YES;
				SDKROOT = iphoneos;
				SWIFT_COMPILATION_MODE = wholemodule;
				SWIFT_OPTIMIZATION_LEVEL = "-O";
				VALIDATE_PRODUCT = YES;
			};
			name = Release;
		};
		1301E10B23428D2E0038ACA9 /* Debug */ = {
			isa = XCBuildConfiguration;
			buildSettings = {
				ASSETCATALOG_COMPILER_APPICON_NAME = AppIcon;
				CODE_SIGN_STYLE = Automatic;
				DEAD_CODE_STRIPPING = NO;
				DEVELOPMENT_ASSET_PATHS = "\"UniRadar/Preview Content\"";
				DEVELOPMENT_TEAM = H89RFW5UZ6;
				ENABLE_PREVIEWS = YES;
				INFOPLIST_FILE = UniRadar/Info.plist;
				LD_RUNPATH_SEARCH_PATHS = (
					"$(inherited)",
					"@executable_path/Frameworks",
				);
				PRODUCT_BUNDLE_IDENTIFIER = com.mattrighetti.UniRadar;
				PRODUCT_NAME = "$(TARGET_NAME)";
				SWIFT_VERSION = 5.0;
				TARGETED_DEVICE_FAMILY = 1;
			};
			name = Debug;
		};
		1301E10C23428D2E0038ACA9 /* Release */ = {
			isa = XCBuildConfiguration;
			buildSettings = {
				ASSETCATALOG_COMPILER_APPICON_NAME = AppIcon;
				CODE_SIGN_STYLE = Automatic;
				DEAD_CODE_STRIPPING = NO;
				DEVELOPMENT_ASSET_PATHS = "\"UniRadar/Preview Content\"";
				DEVELOPMENT_TEAM = H89RFW5UZ6;
				ENABLE_PREVIEWS = YES;
				INFOPLIST_FILE = UniRadar/Info.plist;
				LD_RUNPATH_SEARCH_PATHS = (
					"$(inherited)",
					"@executable_path/Frameworks",
				);
				PRODUCT_BUNDLE_IDENTIFIER = com.mattrighetti.UniRadar;
				PRODUCT_NAME = "$(TARGET_NAME)";
				SWIFT_VERSION = 5.0;
				TARGETED_DEVICE_FAMILY = 1;
			};
			name = Release;
		};
/* End XCBuildConfiguration section */

/* Begin XCConfigurationList section */
		1301E0EE23428D2D0038ACA9 /* Build configuration list for PBXProject "UniRadar" */ = {
			isa = XCConfigurationList;
			buildConfigurations = (
				1301E10823428D2E0038ACA9 /* Debug */,
				1301E10923428D2E0038ACA9 /* Release */,
			);
			defaultConfigurationIsVisible = 0;
			defaultConfigurationName = Release;
		};
		1301E10A23428D2E0038ACA9 /* Build configuration list for PBXNativeTarget "UniRadar" */ = {
			isa = XCConfigurationList;
			buildConfigurations = (
				1301E10B23428D2E0038ACA9 /* Debug */,
				1301E10C23428D2E0038ACA9 /* Release */,
			);
			defaultConfigurationIsVisible = 0;
			defaultConfigurationName = Release;
		};
/* End XCConfigurationList section */

/* Begin XCRemoteSwiftPackageReference section */
		C9555B6B2450E6820031933D /* XCRemoteSwiftPackageReference "lottie-ios" */ = {
			isa = XCRemoteSwiftPackageReference;
			repositoryURL = "https://github.com/airbnb/lottie-ios";
			requirement = {
				kind = upToNextMajorVersion;
				minimumVersion = 3.1.6;
			};
		};
/* End XCRemoteSwiftPackageReference section */

/* Begin XCSwiftPackageProductDependency section */
		C9555B6C2450E6820031933D /* Lottie */ = {
			isa = XCSwiftPackageProductDependency;
			package = C9555B6B2450E6820031933D /* XCRemoteSwiftPackageReference "lottie-ios" */;
			productName = Lottie;
		};
/* End XCSwiftPackageProductDependency section */

/* Begin XCVersionGroup section */
		1301E0FA23428D2D0038ACA9 /* UniRadar.xcdatamodeld */ = {
			isa = XCVersionGroup;
			children = (
				1301E0FB23428D2D0038ACA9 /* UniRadar.xcdatamodel */,
			);
			currentVersion = 1301E0FB23428D2D0038ACA9 /* UniRadar.xcdatamodel */;
			path = UniRadar.xcdatamodeld;
			sourceTree = "<group>";
			versionGroupType = wrapper.xcdatamodel;
		};
/* End XCVersionGroup section */
	};
	rootObject = 1301E0EB23428D2D0038ACA9 /* Project object */;
}
