// !$*UTF8*$!
{
	archiveVersion = 1;
	classes = {
	};
	objectVersion = 52;
	objects = {

/* Begin PBXBuildFile section */
		1301E0F723428D2D0038ACA9 /* AppDelegate.swift in Sources */ = {isa = PBXBuildFile; fileRef = 1301E0F623428D2D0038ACA9 /* AppDelegate.swift */; };
		1301E0F923428D2D0038ACA9 /* SceneDelegate.swift in Sources */ = {isa = PBXBuildFile; fileRef = 1301E0F823428D2D0038ACA9 /* SceneDelegate.swift */; };
		1301E10023428D2E0038ACA9 /* Assets.xcassets in Resources */ = {isa = PBXBuildFile; fileRef = 1301E0FF23428D2E0038ACA9 /* Assets.xcassets */; };
		1301E10323428D2E0038ACA9 /* Preview Assets.xcassets in Resources */ = {isa = PBXBuildFile; fileRef = 1301E10223428D2E0038ACA9 /* Preview Assets.xcassets */; };
		1301E10623428D2E0038ACA9 /* LaunchScreen.storyboard in Resources */ = {isa = PBXBuildFile; fileRef = 1301E10423428D2E0038ACA9 /* LaunchScreen.storyboard */; };
		1312EF7823722DC100650D18 /* +Color.swift in Sources */ = {isa = PBXBuildFile; fileRef = 1312EF7723722DC100650D18 /* +Color.swift */; };
		13BD5C0623735A5E00B44A26 /* +Utils.swift in Sources */ = {isa = PBXBuildFile; fileRef = 13BD5C0523735A5E00B44A26 /* +Utils.swift */; };
		C90A795D247360D1008B40EF /* AverageCard.swift in Sources */ = {isa = PBXBuildFile; fileRef = C90A795C247360D1008B40EF /* AverageCard.swift */; };
		C90A795F24736119008B40EF /* MainInfoCard.swift in Sources */ = {isa = PBXBuildFile; fileRef = C90A795E24736119008B40EF /* MainInfoCard.swift */; };
		C90A796124736DC1008B40EF /* CourseRow.swift in Sources */ = {isa = PBXBuildFile; fileRef = C90A796024736DC1008B40EF /* CourseRow.swift */; };
		C933067024645EE00059D49A /* StringList.swift in Sources */ = {isa = PBXBuildFile; fileRef = C933066F24645EE00059D49A /* StringList.swift */; };
		C9356635244A6E6E006B1164 /* BarShape.swift in Sources */ = {isa = PBXBuildFile; fileRef = C9356634244A6E6E006B1164 /* BarShape.swift */; };
		C945DB922476C6B200452FEC /* +Publishers.swift in Sources */ = {isa = PBXBuildFile; fileRef = C945DB912476C6B200452FEC /* +Publishers.swift */; };
		C94FC69E2471292900287DEF /* InitialForm.swift in Sources */ = {isa = PBXBuildFile; fileRef = C94FC69D2471292900287DEF /* InitialForm.swift */; };
		C94FC6A124713E5200287DEF /* swipeup.json in Resources */ = {isa = PBXBuildFile; fileRef = C94FC6A024713E5200287DEF /* swipeup.json */; };
		C94FC6A324713EE400287DEF /* manwriting.json in Resources */ = {isa = PBXBuildFile; fileRef = C94FC6A224713EE400287DEF /* manwriting.json */; };
		C94FC6A524713F6A00287DEF /* resting.json in Resources */ = {isa = PBXBuildFile; fileRef = C94FC6A424713F6A00287DEF /* resting.json */; };
		C94FC6A72471B42000287DEF /* SettingsView.swift in Sources */ = {isa = PBXBuildFile; fileRef = C94FC6A62471B42000287DEF /* SettingsView.swift */; };
		C9555B6D2450E6820031933D /* Lottie in Frameworks */ = {isa = PBXBuildFile; productRef = C9555B6C2450E6820031933D /* Lottie */; };
		C9555B6F2450E8340031933D /* LottieView.swift in Sources */ = {isa = PBXBuildFile; fileRef = C9555B6E2450E8340031933D /* LottieView.swift */; };
		C963F9E4246A1D9200B2FBEF /* CustomModifiers.swift in Sources */ = {isa = PBXBuildFile; fileRef = C963F9E3246A1D9200B2FBEF /* CustomModifiers.swift */; };
		C96801C924566A9200B7F9BB /* +Glyph.swift in Sources */ = {isa = PBXBuildFile; fileRef = C96801C824566A9200B7F9BB /* +Glyph.swift */; };
		C9766D0E2443D6260056726D /* MainView.swift in Sources */ = {isa = PBXBuildFile; fileRef = C9766D0D2443D6260056726D /* MainView.swift */; };
		C9766D112443DBB40056726D /* HomeView.swift in Sources */ = {isa = PBXBuildFile; fileRef = C9766D102443DBB40056726D /* HomeView.swift */; };
		C97D1C3A245E480D00C04342 /* FetchedResultsPublisher.swift in Sources */ = {isa = PBXBuildFile; fileRef = C97D1C39245E480D00C04342 /* FetchedResultsPublisher.swift */; };
		C97D1C3C245E533600C04342 /* AppState.swift in Sources */ = {isa = PBXBuildFile; fileRef = C97D1C3B245E533600C04342 /* AppState.swift */; };
		C97D1C3F245E6BE300C04342 /* CoursesView.swift in Sources */ = {isa = PBXBuildFile; fileRef = C97D1C3E245E6BE300C04342 /* CoursesView.swift */; };
		C97D1C41245E6DF700C04342 /* ExamForm.swift in Sources */ = {isa = PBXBuildFile; fileRef = C97D1C40245E6DF700C04342 /* ExamForm.swift */; };
		C9844BFE24549F0200345A26 /* CardStack.swift in Sources */ = {isa = PBXBuildFile; fileRef = C9844BFD24549F0200345A26 /* CardStack.swift */; };
		C9844C012454B0F400345A26 /* Deck.swift in Sources */ = {isa = PBXBuildFile; fileRef = C9844C002454B0F400345A26 /* Deck.swift */; };
		C984E88A245EA2F3003FF668 /* DataModel.xcdatamodeld in Sources */ = {isa = PBXBuildFile; fileRef = C984E888245EA2F3003FF668 /* DataModel.xcdatamodeld */; };
		C9A1E4F32456F83E006604B2 /* ViewModel.swift in Sources */ = {isa = PBXBuildFile; fileRef = C9A1E4F22456F83E006604B2 /* ViewModel.swift */; };
		C9A52E772448C4FD00C3EF9C /* DataCard.swift in Sources */ = {isa = PBXBuildFile; fileRef = C9A52E762448C4FD00C3EF9C /* DataCard.swift */; };
		C9A52E792448C9D900C3EF9C /* CircularProgressBar.swift in Sources */ = {isa = PBXBuildFile; fileRef = C9A52E782448C9D900C3EF9C /* CircularProgressBar.swift */; };
		C9AF9D5E24621AA8008B5994 /* GridIndex.swift in Sources */ = {isa = PBXBuildFile; fileRef = C9AF9D5D24621AA8008B5994 /* GridIndex.swift */; };
		C9AF9D6024621BA9008B5994 /* ColorPickerView.swift in Sources */ = {isa = PBXBuildFile; fileRef = C9AF9D5F24621BA9008B5994 /* ColorPickerView.swift */; };
		C9B32C3224773BC100C37942 /* AverageDeltaTool.swift in Sources */ = {isa = PBXBuildFile; fileRef = C9B32C3124773BC100C37942 /* AverageDeltaTool.swift */; };
		C9B8F12A24729B1000E7AE69 /* Localizable.strings in Resources */ = {isa = PBXBuildFile; fileRef = C9B8F12C24729B1000E7AE69 /* Localizable.strings */; };
		C9CD9218246635AF003499BF /* CfuCards.swift in Sources */ = {isa = PBXBuildFile; fileRef = C9CD9217246635AF003499BF /* CfuCards.swift */; };
		C9CED55F243E6E7000FDE90C /* SplashScreenView.swift in Sources */ = {isa = PBXBuildFile; fileRef = C9CED55E243E6E7000FDE90C /* SplashScreenView.swift */; };
		C9D01BAC24740D8100DBC8CA /* ExamRow.swift in Sources */ = {isa = PBXBuildFile; fileRef = C9D01BAB24740D8100DBC8CA /* ExamRow.swift */; };
		C9D01BAE24740F0D00DBC8CA /* ReminderRow.swift in Sources */ = {isa = PBXBuildFile; fileRef = C9D01BAD24740F0D00DBC8CA /* ReminderRow.swift */; };
		C9D01BB0247442AC00DBC8CA /* +Array.swift in Sources */ = {isa = PBXBuildFile; fileRef = C9D01BAF247442AC00DBC8CA /* +Array.swift */; };
		C9D2A9F5244BEDB600CA8AAE /* MarksView.swift in Sources */ = {isa = PBXBuildFile; fileRef = C9D2A9F4244BEDB600CA8AAE /* MarksView.swift */; };
		C9D2A9F9244C0CD800CA8AAE /* StatsView.swift in Sources */ = {isa = PBXBuildFile; fileRef = C9D2A9F8244C0CD800CA8AAE /* StatsView.swift */; };
		C9D2A9FC244D0D6500CA8AAE /* RemindersView.swift in Sources */ = {isa = PBXBuildFile; fileRef = C9D2A9FB244D0D6500CA8AAE /* RemindersView.swift */; };
		C9D2A9FE244D1F5200CA8AAE /* ReminderForm.swift in Sources */ = {isa = PBXBuildFile; fileRef = C9D2A9FD244D1F5200CA8AAE /* ReminderForm.swift */; };
		C9E24CC524708A48001B2F08 /* UniRadarTests.swift in Sources */ = {isa = PBXBuildFile; fileRef = C9E24CC424708A48001B2F08 /* UniRadarTests.swift */; };
		C9E24CCD247091C2001B2F08 /* ViewModelTest.swift in Sources */ = {isa = PBXBuildFile; fileRef = C9E24CCC247091C2001B2F08 /* ViewModelTest.swift */; };
		C9EF67F424535944005A2CA0 /* CourseForm.swift in Sources */ = {isa = PBXBuildFile; fileRef = C9EF67F324535944005A2CA0 /* CourseForm.swift */; };
		C9EF67F6245362A6005A2CA0 /* +View.swift in Sources */ = {isa = PBXBuildFile; fileRef = C9EF67F5245362A6005A2CA0 /* +View.swift */; };
		C9EF67F82453A92B005A2CA0 /* IconColorPickerView.swift in Sources */ = {isa = PBXBuildFile; fileRef = C9EF67F72453A92B005A2CA0 /* IconColorPickerView.swift */; };
		C9EF67FA2453CA93005A2CA0 /* +Date.swift in Sources */ = {isa = PBXBuildFile; fileRef = C9EF67F92453CA93005A2CA0 /* +Date.swift */; };
		C9FCE86E24660CAE0091371E /* Assignment+CoreDataClass.swift in Sources */ = {isa = PBXBuildFile; fileRef = C9FCE86824660CAE0091371E /* Assignment+CoreDataClass.swift */; };
		C9FCE86F24660CAE0091371E /* Assignment+CoreDataProperties.swift in Sources */ = {isa = PBXBuildFile; fileRef = C9FCE86924660CAE0091371E /* Assignment+CoreDataProperties.swift */; };
		C9FCE87024660CAE0091371E /* Course+CoreDataClass.swift in Sources */ = {isa = PBXBuildFile; fileRef = C9FCE86A24660CAE0091371E /* Course+CoreDataClass.swift */; };
		C9FCE87124660CAE0091371E /* Course+CoreDataProperties.swift in Sources */ = {isa = PBXBuildFile; fileRef = C9FCE86B24660CAE0091371E /* Course+CoreDataProperties.swift */; };
		C9FCE87224660CAE0091371E /* Exam+CoreDataClass.swift in Sources */ = {isa = PBXBuildFile; fileRef = C9FCE86C24660CAE0091371E /* Exam+CoreDataClass.swift */; };
		C9FCE87324660CAE0091371E /* Exam+CoreDataProperties.swift in Sources */ = {isa = PBXBuildFile; fileRef = C9FCE86D24660CAE0091371E /* Exam+CoreDataProperties.swift */; };
		C9FDD70D244E56ED003A31CF /* ExamsView.swift in Sources */ = {isa = PBXBuildFile; fileRef = C9FDD70C244E56ED003A31CF /* ExamsView.swift */; };
/* End PBXBuildFile section */

/* Begin PBXContainerItemProxy section */
		C9E24CC724708A48001B2F08 /* PBXContainerItemProxy */ = {
			isa = PBXContainerItemProxy;
			containerPortal = 1301E0EB23428D2D0038ACA9 /* Project object */;
			proxyType = 1;
			remoteGlobalIDString = 1301E0F223428D2D0038ACA9;
			remoteInfo = UniRadar;
		};
/* End PBXContainerItemProxy section */

/* Begin PBXFileReference section */
		1301E0F323428D2D0038ACA9 /* Lode.app */ = {isa = PBXFileReference; explicitFileType = wrapper.application; includeInIndex = 0; path = Lode.app; sourceTree = BUILT_PRODUCTS_DIR; };
		1301E0F623428D2D0038ACA9 /* AppDelegate.swift */ = {isa = PBXFileReference; lastKnownFileType = sourcecode.swift; path = AppDelegate.swift; sourceTree = "<group>"; };
		1301E0F823428D2D0038ACA9 /* SceneDelegate.swift */ = {isa = PBXFileReference; lastKnownFileType = sourcecode.swift; path = SceneDelegate.swift; sourceTree = "<group>"; };
		1301E0FF23428D2E0038ACA9 /* Assets.xcassets */ = {isa = PBXFileReference; lastKnownFileType = folder.assetcatalog; path = Assets.xcassets; sourceTree = "<group>"; };
		1301E10223428D2E0038ACA9 /* Preview Assets.xcassets */ = {isa = PBXFileReference; lastKnownFileType = folder.assetcatalog; path = "Preview Assets.xcassets"; sourceTree = "<group>"; };
		1301E10523428D2E0038ACA9 /* Base */ = {isa = PBXFileReference; lastKnownFileType = file.storyboard; name = Base; path = Base.lproj/LaunchScreen.storyboard; sourceTree = "<group>"; };
		1301E10723428D2E0038ACA9 /* Info.plist */ = {isa = PBXFileReference; lastKnownFileType = text.plist.xml; path = Info.plist; sourceTree = "<group>"; };
		1312EF7723722DC100650D18 /* +Color.swift */ = {isa = PBXFileReference; lastKnownFileType = sourcecode.swift; path = "+Color.swift"; sourceTree = "<group>"; };
		13BD5C0523735A5E00B44A26 /* +Utils.swift */ = {isa = PBXFileReference; lastKnownFileType = sourcecode.swift; path = "+Utils.swift"; sourceTree = "<group>"; };
		C90A795C247360D1008B40EF /* AverageCard.swift */ = {isa = PBXFileReference; lastKnownFileType = sourcecode.swift; path = AverageCard.swift; sourceTree = "<group>"; };
		C90A795E24736119008B40EF /* MainInfoCard.swift */ = {isa = PBXFileReference; lastKnownFileType = sourcecode.swift; path = MainInfoCard.swift; sourceTree = "<group>"; };
		C90A796024736DC1008B40EF /* CourseRow.swift */ = {isa = PBXFileReference; lastKnownFileType = sourcecode.swift; path = CourseRow.swift; sourceTree = "<group>"; };
		C933066F24645EE00059D49A /* StringList.swift */ = {isa = PBXFileReference; lastKnownFileType = sourcecode.swift; path = StringList.swift; sourceTree = "<group>"; };
		C9356634244A6E6E006B1164 /* BarShape.swift */ = {isa = PBXFileReference; lastKnownFileType = sourcecode.swift; path = BarShape.swift; sourceTree = "<group>"; };
		C945DB912476C6B200452FEC /* +Publishers.swift */ = {isa = PBXFileReference; lastKnownFileType = sourcecode.swift; path = "+Publishers.swift"; sourceTree = "<group>"; };
		C94DCC4224756AE200047E8D /* Lode.entitlements */ = {isa = PBXFileReference; lastKnownFileType = text.plist.entitlements; path = Lode.entitlements; sourceTree = "<group>"; };
		C94FC69D2471292900287DEF /* InitialForm.swift */ = {isa = PBXFileReference; lastKnownFileType = sourcecode.swift; path = InitialForm.swift; sourceTree = "<group>"; };
		C94FC6A024713E5200287DEF /* swipeup.json */ = {isa = PBXFileReference; fileEncoding = 4; lastKnownFileType = text.json; path = swipeup.json; sourceTree = "<group>"; };
		C94FC6A224713EE400287DEF /* manwriting.json */ = {isa = PBXFileReference; fileEncoding = 4; lastKnownFileType = text.json; path = manwriting.json; sourceTree = "<group>"; };
		C94FC6A424713F6A00287DEF /* resting.json */ = {isa = PBXFileReference; fileEncoding = 4; lastKnownFileType = text.json; path = resting.json; sourceTree = "<group>"; };
		C94FC6A62471B42000287DEF /* SettingsView.swift */ = {isa = PBXFileReference; lastKnownFileType = sourcecode.swift; path = SettingsView.swift; sourceTree = "<group>"; };
		C9555B6E2450E8340031933D /* LottieView.swift */ = {isa = PBXFileReference; lastKnownFileType = sourcecode.swift; path = LottieView.swift; sourceTree = "<group>"; };
		C963F9E3246A1D9200B2FBEF /* CustomModifiers.swift */ = {isa = PBXFileReference; lastKnownFileType = sourcecode.swift; path = CustomModifiers.swift; sourceTree = "<group>"; };
		C96801C824566A9200B7F9BB /* +Glyph.swift */ = {isa = PBXFileReference; lastKnownFileType = sourcecode.swift; path = "+Glyph.swift"; sourceTree = "<group>"; };
		C9766D0D2443D6260056726D /* MainView.swift */ = {isa = PBXFileReference; lastKnownFileType = sourcecode.swift; path = MainView.swift; sourceTree = "<group>"; };
		C9766D102443DBB40056726D /* HomeView.swift */ = {isa = PBXFileReference; lastKnownFileType = sourcecode.swift; path = HomeView.swift; sourceTree = "<group>"; };
		C97D1C39245E480D00C04342 /* FetchedResultsPublisher.swift */ = {isa = PBXFileReference; lastKnownFileType = sourcecode.swift; path = FetchedResultsPublisher.swift; sourceTree = "<group>"; };
		C97D1C3B245E533600C04342 /* AppState.swift */ = {isa = PBXFileReference; lastKnownFileType = sourcecode.swift; path = AppState.swift; sourceTree = "<group>"; };
		C97D1C3E245E6BE300C04342 /* CoursesView.swift */ = {isa = PBXFileReference; lastKnownFileType = sourcecode.swift; path = CoursesView.swift; sourceTree = "<group>"; };
		C97D1C40245E6DF700C04342 /* ExamForm.swift */ = {isa = PBXFileReference; lastKnownFileType = sourcecode.swift; path = ExamForm.swift; sourceTree = "<group>"; };
		C9844BFD24549F0200345A26 /* CardStack.swift */ = {isa = PBXFileReference; lastKnownFileType = sourcecode.swift; path = CardStack.swift; sourceTree = "<group>"; };
		C9844C002454B0F400345A26 /* Deck.swift */ = {isa = PBXFileReference; lastKnownFileType = sourcecode.swift; path = Deck.swift; sourceTree = "<group>"; };
		C984E889245EA2F3003FF668 /* DataModel.xcdatamodel */ = {isa = PBXFileReference; lastKnownFileType = wrapper.xcdatamodel; path = DataModel.xcdatamodel; sourceTree = "<group>"; };
		C9A1E4F22456F83E006604B2 /* ViewModel.swift */ = {isa = PBXFileReference; lastKnownFileType = sourcecode.swift; name = ViewModel.swift; path = UniRadar/Utils/ViewModel.swift; sourceTree = SOURCE_ROOT; };
		C9A52E762448C4FD00C3EF9C /* DataCard.swift */ = {isa = PBXFileReference; lastKnownFileType = sourcecode.swift; path = DataCard.swift; sourceTree = "<group>"; };
		C9A52E782448C9D900C3EF9C /* CircularProgressBar.swift */ = {isa = PBXFileReference; lastKnownFileType = sourcecode.swift; path = CircularProgressBar.swift; sourceTree = "<group>"; };
		C9AF9D5D24621AA8008B5994 /* GridIndex.swift */ = {isa = PBXFileReference; lastKnownFileType = sourcecode.swift; path = GridIndex.swift; sourceTree = "<group>"; };
		C9AF9D5F24621BA9008B5994 /* ColorPickerView.swift */ = {isa = PBXFileReference; lastKnownFileType = sourcecode.swift; path = ColorPickerView.swift; sourceTree = "<group>"; };
		C9B32C3124773BC100C37942 /* AverageDeltaTool.swift */ = {isa = PBXFileReference; lastKnownFileType = sourcecode.swift; path = AverageDeltaTool.swift; sourceTree = "<group>"; };
		C9B8F127247299B600E7AE69 /* it */ = {isa = PBXFileReference; lastKnownFileType = text.plist.strings; name = it; path = it.lproj/LaunchScreen.strings; sourceTree = "<group>"; };
		C9B8F12B24729B1000E7AE69 /* it */ = {isa = PBXFileReference; lastKnownFileType = text.plist.strings; name = it; path = it.lproj/Localizable.strings; sourceTree = "<group>"; };
		C9B8F12D24729B1900E7AE69 /* en */ = {isa = PBXFileReference; lastKnownFileType = text.plist.strings; name = en; path = en.lproj/Localizable.strings; sourceTree = "<group>"; };
		C9CD9217246635AF003499BF /* CfuCards.swift */ = {isa = PBXFileReference; lastKnownFileType = sourcecode.swift; path = CfuCards.swift; sourceTree = "<group>"; };
		C9CED55E243E6E7000FDE90C /* SplashScreenView.swift */ = {isa = PBXFileReference; lastKnownFileType = sourcecode.swift; path = SplashScreenView.swift; sourceTree = "<group>"; };
		C9D01BAB24740D8100DBC8CA /* ExamRow.swift */ = {isa = PBXFileReference; lastKnownFileType = sourcecode.swift; path = ExamRow.swift; sourceTree = "<group>"; };
		C9D01BAD24740F0D00DBC8CA /* ReminderRow.swift */ = {isa = PBXFileReference; lastKnownFileType = sourcecode.swift; path = ReminderRow.swift; sourceTree = "<group>"; };
		C9D01BAF247442AC00DBC8CA /* +Array.swift */ = {isa = PBXFileReference; lastKnownFileType = sourcecode.swift; path = "+Array.swift"; sourceTree = "<group>"; };
		C9D2A9F4244BEDB600CA8AAE /* MarksView.swift */ = {isa = PBXFileReference; lastKnownFileType = sourcecode.swift; path = MarksView.swift; sourceTree = "<group>"; };
		C9D2A9F8244C0CD800CA8AAE /* StatsView.swift */ = {isa = PBXFileReference; lastKnownFileType = sourcecode.swift; path = StatsView.swift; sourceTree = "<group>"; };
		C9D2A9FB244D0D6500CA8AAE /* RemindersView.swift */ = {isa = PBXFileReference; lastKnownFileType = sourcecode.swift; path = RemindersView.swift; sourceTree = "<group>"; };
		C9D2A9FD244D1F5200CA8AAE /* ReminderForm.swift */ = {isa = PBXFileReference; lastKnownFileType = sourcecode.swift; path = ReminderForm.swift; sourceTree = "<group>"; };
		C9E24CC224708A48001B2F08 /* UniRadarTests.xctest */ = {isa = PBXFileReference; explicitFileType = wrapper.cfbundle; includeInIndex = 0; path = UniRadarTests.xctest; sourceTree = BUILT_PRODUCTS_DIR; };
		C9E24CC424708A48001B2F08 /* UniRadarTests.swift */ = {isa = PBXFileReference; lastKnownFileType = sourcecode.swift; path = UniRadarTests.swift; sourceTree = "<group>"; };
		C9E24CC624708A48001B2F08 /* Info.plist */ = {isa = PBXFileReference; lastKnownFileType = text.plist.xml; path = Info.plist; sourceTree = "<group>"; };
		C9E24CCC247091C2001B2F08 /* ViewModelTest.swift */ = {isa = PBXFileReference; lastKnownFileType = sourcecode.swift; path = ViewModelTest.swift; sourceTree = "<group>"; };
		C9EF67F324535944005A2CA0 /* CourseForm.swift */ = {isa = PBXFileReference; lastKnownFileType = sourcecode.swift; path = CourseForm.swift; sourceTree = "<group>"; };
		C9EF67F5245362A6005A2CA0 /* +View.swift */ = {isa = PBXFileReference; lastKnownFileType = sourcecode.swift; path = "+View.swift"; sourceTree = "<group>"; };
		C9EF67F72453A92B005A2CA0 /* IconColorPickerView.swift */ = {isa = PBXFileReference; lastKnownFileType = sourcecode.swift; path = IconColorPickerView.swift; sourceTree = "<group>"; };
		C9EF67F92453CA93005A2CA0 /* +Date.swift */ = {isa = PBXFileReference; lastKnownFileType = sourcecode.swift; path = "+Date.swift"; sourceTree = "<group>"; };
		C9FCE86824660CAE0091371E /* Assignment+CoreDataClass.swift */ = {isa = PBXFileReference; lastKnownFileType = sourcecode.swift; path = "Assignment+CoreDataClass.swift"; sourceTree = "<group>"; };
		C9FCE86924660CAE0091371E /* Assignment+CoreDataProperties.swift */ = {isa = PBXFileReference; lastKnownFileType = sourcecode.swift; path = "Assignment+CoreDataProperties.swift"; sourceTree = "<group>"; };
		C9FCE86A24660CAE0091371E /* Course+CoreDataClass.swift */ = {isa = PBXFileReference; lastKnownFileType = sourcecode.swift; path = "Course+CoreDataClass.swift"; sourceTree = "<group>"; };
		C9FCE86B24660CAE0091371E /* Course+CoreDataProperties.swift */ = {isa = PBXFileReference; lastKnownFileType = sourcecode.swift; path = "Course+CoreDataProperties.swift"; sourceTree = "<group>"; };
		C9FCE86C24660CAE0091371E /* Exam+CoreDataClass.swift */ = {isa = PBXFileReference; lastKnownFileType = sourcecode.swift; path = "Exam+CoreDataClass.swift"; sourceTree = "<group>"; };
		C9FCE86D24660CAE0091371E /* Exam+CoreDataProperties.swift */ = {isa = PBXFileReference; lastKnownFileType = sourcecode.swift; path = "Exam+CoreDataProperties.swift"; sourceTree = "<group>"; };
		C9FDD70C244E56ED003A31CF /* ExamsView.swift */ = {isa = PBXFileReference; lastKnownFileType = sourcecode.swift; path = ExamsView.swift; sourceTree = "<group>"; };
/* End PBXFileReference section */

/* Begin PBXFrameworksBuildPhase section */
		1301E0F023428D2D0038ACA9 /* Frameworks */ = {
			isa = PBXFrameworksBuildPhase;
			buildActionMask = 2147483647;
			files = (
				C9555B6D2450E6820031933D /* Lottie in Frameworks */,
			);
			runOnlyForDeploymentPostprocessing = 0;
		};
		C9E24CBF24708A48001B2F08 /* Frameworks */ = {
			isa = PBXFrameworksBuildPhase;
			buildActionMask = 2147483647;
			files = (
			);
			runOnlyForDeploymentPostprocessing = 0;
		};
/* End PBXFrameworksBuildPhase section */

/* Begin PBXGroup section */
		1301E0EA23428D2D0038ACA9 = {
			isa = PBXGroup;
			children = (
				1301E0F523428D2D0038ACA9 /* UniRadar */,
				C9E24CC324708A48001B2F08 /* UniRadarTests */,
				1301E0F423428D2D0038ACA9 /* Products */,
				C963D38F2472054B0011488B /* Frameworks */,
			);
			sourceTree = "<group>";
		};
		1301E0F423428D2D0038ACA9 /* Products */ = {
			isa = PBXGroup;
			children = (
				1301E0F323428D2D0038ACA9 /* Lode.app */,
				C9E24CC224708A48001B2F08 /* UniRadarTests.xctest */,
			);
			name = Products;
			sourceTree = "<group>";
		};
		1301E0F523428D2D0038ACA9 /* UniRadar */ = {
			isa = PBXGroup;
			children = (
				C94DCC4224756AE200047E8D /* Lode.entitlements */,
				C94FC69F24713E4400287DEF /* Animations */,
				1312EF7623722DB300650D18 /* Utils */,
				1301E10D23428D410038ACA9 /* Model */,
				1301E10E23428D450038ACA9 /* Views */,
				1301E0F623428D2D0038ACA9 /* AppDelegate.swift */,
				1301E0F823428D2D0038ACA9 /* SceneDelegate.swift */,
				1301E0FF23428D2E0038ACA9 /* Assets.xcassets */,
				1301E10423428D2E0038ACA9 /* LaunchScreen.storyboard */,
				1301E10723428D2E0038ACA9 /* Info.plist */,
				1301E10123428D2E0038ACA9 /* Preview Content */,
				C9B8F12C24729B1000E7AE69 /* Localizable.strings */,
			);
			path = UniRadar;
			sourceTree = "<group>";
		};
		1301E10123428D2E0038ACA9 /* Preview Content */ = {
			isa = PBXGroup;
			children = (
				1301E10223428D2E0038ACA9 /* Preview Assets.xcassets */,
			);
			path = "Preview Content";
			sourceTree = "<group>";
		};
		1301E10D23428D410038ACA9 /* Model */ = {
			isa = PBXGroup;
			children = (
				C9A1E4FC24571063006604B2 /* CoreDataModel */,
				C9A1E4F22456F83E006604B2 /* ViewModel.swift */,
				C97D1C3B245E533600C04342 /* AppState.swift */,
			);
			path = Model;
			sourceTree = "<group>";
		};
		1301E10E23428D450038ACA9 /* Views */ = {
			isa = PBXGroup;
			children = (
				C9A52E752448C4EB00C3EF9C /* Components */,
				C97D1C3D245E6BCC00C04342 /* Courses */,
				C9FDD70B244E56DF003A31CF /* Exams */,
				C9D2A9FA244D0D4300CA8AAE /* Reminders */,
				C9766D0F2443DB9C0056726D /* Home */,
				C908406A242968F700259918 /* SplashScreen */,
				C9766D0D2443D6260056726D /* MainView.swift */,
			);
			path = Views;
			sourceTree = "<group>";
		};
		1312EF7623722DB300650D18 /* Utils */ = {
			isa = PBXGroup;
			children = (
				1312EF7723722DC100650D18 /* +Color.swift */,
				13BD5C0523735A5E00B44A26 /* +Utils.swift */,
				C9EF67F5245362A6005A2CA0 /* +View.swift */,
				C9EF67F92453CA93005A2CA0 /* +Date.swift */,
				C96801C824566A9200B7F9BB /* +Glyph.swift */,
				C97D1C39245E480D00C04342 /* FetchedResultsPublisher.swift */,
				C9AF9D5D24621AA8008B5994 /* GridIndex.swift */,
				C9D01BAF247442AC00DBC8CA /* +Array.swift */,
				C945DB912476C6B200452FEC /* +Publishers.swift */,
			);
			path = Utils;
			sourceTree = "<group>";
		};
		C908406A242968F700259918 /* SplashScreen */ = {
			isa = PBXGroup;
			children = (
				C9CED55E243E6E7000FDE90C /* SplashScreenView.swift */,
			);
			path = SplashScreen;
			sourceTree = "<group>";
		};
		C9356633244A6E49006B1164 /* Graphs */ = {
			isa = PBXGroup;
			children = (
				C9A52E782448C9D900C3EF9C /* CircularProgressBar.swift */,
				C9356634244A6E6E006B1164 /* BarShape.swift */,
			);
			path = Graphs;
			sourceTree = "<group>";
		};
		C94FC69F24713E4400287DEF /* Animations */ = {
			isa = PBXGroup;
			children = (
				C94FC6A424713F6A00287DEF /* resting.json */,
				C94FC6A224713EE400287DEF /* manwriting.json */,
				C94FC6A024713E5200287DEF /* swipeup.json */,
			);
			path = Animations;
			sourceTree = "<group>";
		};
		C963D38F2472054B0011488B /* Frameworks */ = {
			isa = PBXGroup;
			children = (
			);
			name = Frameworks;
			sourceTree = "<group>";
		};
		C9766D0F2443DB9C0056726D /* Home */ = {
			isa = PBXGroup;
			children = (
				C9D2A9F3244BED9B00CA8AAE /* HomeViews */,
				C9766D102443DBB40056726D /* HomeView.swift */,
				C94FC6A62471B42000287DEF /* SettingsView.swift */,
				C94FC69D2471292900287DEF /* InitialForm.swift */,
			);
			path = Home;
			sourceTree = "<group>";
		};
		C97D1C3D245E6BCC00C04342 /* Courses */ = {
			isa = PBXGroup;
			children = (
				C97D1C3E245E6BE300C04342 /* CoursesView.swift */,
				C9EF67F324535944005A2CA0 /* CourseForm.swift */,
				C90A796024736DC1008B40EF /* CourseRow.swift */,
			);
			path = Courses;
			sourceTree = "<group>";
		};
		C9844BFC24549EE700345A26 /* CardStack */ = {
			isa = PBXGroup;
			children = (
				C9CD92162466359C003499BF /* Cards */,
				C9844BFF2454B0E400345A26 /* Model */,
				C9844BFD24549F0200345A26 /* CardStack.swift */,
			);
			path = CardStack;
			sourceTree = "<group>";
		};
		C9844BFF2454B0E400345A26 /* Model */ = {
			isa = PBXGroup;
			children = (
				C9844C002454B0F400345A26 /* Deck.swift */,
			);
			path = Model;
			sourceTree = "<group>";
		};
		C9A1E4FC24571063006604B2 /* CoreDataModel */ = {
			isa = PBXGroup;
			children = (
				C9FCE86824660CAE0091371E /* Assignment+CoreDataClass.swift */,
				C9FCE86924660CAE0091371E /* Assignment+CoreDataProperties.swift */,
				C9FCE86A24660CAE0091371E /* Course+CoreDataClass.swift */,
				C9FCE86B24660CAE0091371E /* Course+CoreDataProperties.swift */,
				C9FCE86C24660CAE0091371E /* Exam+CoreDataClass.swift */,
				C9FCE86D24660CAE0091371E /* Exam+CoreDataProperties.swift */,
				C984E888245EA2F3003FF668 /* DataModel.xcdatamodeld */,
			);
			path = CoreDataModel;
			sourceTree = "<group>";
		};
		C9A52E752448C4EB00C3EF9C /* Components */ = {
			isa = PBXGroup;
			children = (
				C9356633244A6E49006B1164 /* Graphs */,
				C9844BFC24549EE700345A26 /* CardStack */,
				C9A52E762448C4FD00C3EF9C /* DataCard.swift */,
				C9555B6E2450E8340031933D /* LottieView.swift */,
				C9EF67F72453A92B005A2CA0 /* IconColorPickerView.swift */,
				C9AF9D5F24621BA9008B5994 /* ColorPickerView.swift */,
				C933066F24645EE00059D49A /* StringList.swift */,
				C963F9E3246A1D9200B2FBEF /* CustomModifiers.swift */,
			);
			path = Components;
			sourceTree = "<group>";
		};
		C9CD92162466359C003499BF /* Cards */ = {
			isa = PBXGroup;
			children = (
				C9CD9217246635AF003499BF /* CfuCards.swift */,
				C90A795C247360D1008B40EF /* AverageCard.swift */,
				C90A795E24736119008B40EF /* MainInfoCard.swift */,
			);
			path = Cards;
			sourceTree = "<group>";
		};
		C9D2A9F3244BED9B00CA8AAE /* HomeViews */ = {
			isa = PBXGroup;
			children = (
				C9B32C3124773BC100C37942 /* AverageDeltaTool.swift */,
				C9D2A9F4244BEDB600CA8AAE /* MarksView.swift */,
				C9D2A9F8244C0CD800CA8AAE /* StatsView.swift */,
			);
			path = HomeViews;
			sourceTree = "<group>";
		};
		C9D2A9FA244D0D4300CA8AAE /* Reminders */ = {
			isa = PBXGroup;
			children = (
				C9D2A9FB244D0D6500CA8AAE /* RemindersView.swift */,
				C9D2A9FD244D1F5200CA8AAE /* ReminderForm.swift */,
				C9D01BAD24740F0D00DBC8CA /* ReminderRow.swift */,
			);
			path = Reminders;
			sourceTree = "<group>";
		};
		C9E24CC324708A48001B2F08 /* UniRadarTests */ = {
			isa = PBXGroup;
			children = (
				C9E24CC424708A48001B2F08 /* UniRadarTests.swift */,
				C9E24CC624708A48001B2F08 /* Info.plist */,
				C9E24CCC247091C2001B2F08 /* ViewModelTest.swift */,
			);
			path = UniRadarTests;
			sourceTree = "<group>";
		};
		C9FDD70B244E56DF003A31CF /* Exams */ = {
			isa = PBXGroup;
			children = (
				C9FDD70C244E56ED003A31CF /* ExamsView.swift */,
				C97D1C40245E6DF700C04342 /* ExamForm.swift */,
				C9D01BAB24740D8100DBC8CA /* ExamRow.swift */,
			);
			path = Exams;
			sourceTree = "<group>";
		};
/* End PBXGroup section */

/* Begin PBXNativeTarget section */
		1301E0F223428D2D0038ACA9 /* UniRadar */ = {
			isa = PBXNativeTarget;
			buildConfigurationList = 1301E10A23428D2E0038ACA9 /* Build configuration list for PBXNativeTarget "UniRadar" */;
			buildPhases = (
				1301E0EF23428D2D0038ACA9 /* Sources */,
				1301E0F023428D2D0038ACA9 /* Frameworks */,
				1301E0F123428D2D0038ACA9 /* Resources */,
				C9844BFA2454613300345A26 /* ShellScript */,
			);
			buildRules = (
			);
			dependencies = (
			);
			name = UniRadar;
			packageProductDependencies = (
				C9555B6C2450E6820031933D /* Lottie */,
			);
			productName = UniRadar;
			productReference = 1301E0F323428D2D0038ACA9 /* Lode.app */;
			productType = "com.apple.product-type.application";
		};
		C9E24CC124708A48001B2F08 /* UniRadarTests */ = {
			isa = PBXNativeTarget;
			buildConfigurationList = C9E24CCB24708A48001B2F08 /* Build configuration list for PBXNativeTarget "UniRadarTests" */;
			buildPhases = (
				C9E24CBE24708A48001B2F08 /* Sources */,
				C9E24CBF24708A48001B2F08 /* Frameworks */,
				C9E24CC024708A48001B2F08 /* Resources */,
			);
			buildRules = (
			);
			dependencies = (
				C9E24CC824708A48001B2F08 /* PBXTargetDependency */,
			);
			name = UniRadarTests;
			productName = UniRadarTests;
			productReference = C9E24CC224708A48001B2F08 /* UniRadarTests.xctest */;
			productType = "com.apple.product-type.bundle.unit-test";
		};
/* End PBXNativeTarget section */

/* Begin PBXProject section */
		1301E0EB23428D2D0038ACA9 /* Project object */ = {
			isa = PBXProject;
			attributes = {
				LastSwiftUpdateCheck = 1150;
				LastUpgradeCheck = 1100;
				ORGANIZATIONNAME = "Mattia Righetti";
				TargetAttributes = {
					1301E0F223428D2D0038ACA9 = {
						CreatedOnToolsVersion = 11.0;
					};
					C9E24CC124708A48001B2F08 = {
						CreatedOnToolsVersion = 11.5;
						TestTargetID = 1301E0F223428D2D0038ACA9;
					};
				};
			};
			buildConfigurationList = 1301E0EE23428D2D0038ACA9 /* Build configuration list for PBXProject "UniRadar" */;
			compatibilityVersion = "Xcode 9.3";
			developmentRegion = en;
			hasScannedForEncodings = 0;
			knownRegions = (
				en,
				Base,
				it,
			);
			mainGroup = 1301E0EA23428D2D0038ACA9;
			packageReferences = (
				C9555B6B2450E6820031933D /* XCRemoteSwiftPackageReference "lottie-ios" */,
			);
			productRefGroup = 1301E0F423428D2D0038ACA9 /* Products */;
			projectDirPath = "";
			projectRoot = "";
			targets = (
				1301E0F223428D2D0038ACA9 /* UniRadar */,
				C9E24CC124708A48001B2F08 /* UniRadarTests */,
			);
		};
/* End PBXProject section */

/* Begin PBXResourcesBuildPhase section */
		1301E0F123428D2D0038ACA9 /* Resources */ = {
			isa = PBXResourcesBuildPhase;
			buildActionMask = 2147483647;
			files = (
				C94FC6A524713F6A00287DEF /* resting.json in Resources */,
				1301E10623428D2E0038ACA9 /* LaunchScreen.storyboard in Resources */,
				C94FC6A124713E5200287DEF /* swipeup.json in Resources */,
				C9B8F12A24729B1000E7AE69 /* Localizable.strings in Resources */,
				1301E10323428D2E0038ACA9 /* Preview Assets.xcassets in Resources */,
				C94FC6A324713EE400287DEF /* manwriting.json in Resources */,
				1301E10023428D2E0038ACA9 /* Assets.xcassets in Resources */,
			);
			runOnlyForDeploymentPostprocessing = 0;
		};
		C9E24CC024708A48001B2F08 /* Resources */ = {
			isa = PBXResourcesBuildPhase;
			buildActionMask = 2147483647;
			files = (
			);
			runOnlyForDeploymentPostprocessing = 0;
		};
/* End PBXResourcesBuildPhase section */

/* Begin PBXShellScriptBuildPhase section */
		C9844BFA2454613300345A26 /* ShellScript */ = {
			isa = PBXShellScriptBuildPhase;
			buildActionMask = 2147483647;
			files = (
			);
			inputFileListPaths = (
			);
			inputPaths = (
			);
			outputFileListPaths = (
			);
			outputPaths = (
			);
			runOnlyForDeploymentPostprocessing = 0;
			shellPath = /bin/sh;
			shellScript = "if which swiftlint >/dev/null; then\n  swiftlint\nelse\n  echo \"warning: SwiftLint not installed, download from https://github.com/realm/SwiftLint\"\nfi\n";
		};
/* End PBXShellScriptBuildPhase section */

/* Begin PBXSourcesBuildPhase section */
		1301E0EF23428D2D0038ACA9 /* Sources */ = {
			isa = PBXSourcesBuildPhase;
			buildActionMask = 2147483647;
			files = (
				C94FC69E2471292900287DEF /* InitialForm.swift in Sources */,
				C9FCE86E24660CAE0091371E /* Assignment+CoreDataClass.swift in Sources */,
				C984E88A245EA2F3003FF668 /* DataModel.xcdatamodeld in Sources */,
				C9FCE86F24660CAE0091371E /* Assignment+CoreDataProperties.swift in Sources */,
				C9CD9218246635AF003499BF /* CfuCards.swift in Sources */,
				C90A795D247360D1008B40EF /* AverageCard.swift in Sources */,
				C9CED55F243E6E7000FDE90C /* SplashScreenView.swift in Sources */,
				C9356635244A6E6E006B1164 /* BarShape.swift in Sources */,
				C9D2A9FC244D0D6500CA8AAE /* RemindersView.swift in Sources */,
				C9766D0E2443D6260056726D /* MainView.swift in Sources */,
				C9FCE87024660CAE0091371E /* Course+CoreDataClass.swift in Sources */,
				C9D01BAC24740D8100DBC8CA /* ExamRow.swift in Sources */,
				C97D1C3A245E480D00C04342 /* FetchedResultsPublisher.swift in Sources */,
				C9EF67F6245362A6005A2CA0 /* +View.swift in Sources */,
				C9FCE87224660CAE0091371E /* Exam+CoreDataClass.swift in Sources */,
				C9EF67F424535944005A2CA0 /* CourseForm.swift in Sources */,
				C97D1C3F245E6BE300C04342 /* CoursesView.swift in Sources */,
				C9A1E4F32456F83E006604B2 /* ViewModel.swift in Sources */,
				C9766D112443DBB40056726D /* HomeView.swift in Sources */,
				C97D1C3C245E533600C04342 /* AppState.swift in Sources */,
				C9B32C3224773BC100C37942 /* AverageDeltaTool.swift in Sources */,
				C97D1C41245E6DF700C04342 /* ExamForm.swift in Sources */,
				1301E0F723428D2D0038ACA9 /* AppDelegate.swift in Sources */,
				C96801C924566A9200B7F9BB /* +Glyph.swift in Sources */,
				C945DB922476C6B200452FEC /* +Publishers.swift in Sources */,
				C94FC6A72471B42000287DEF /* SettingsView.swift in Sources */,
				C90A795F24736119008B40EF /* MainInfoCard.swift in Sources */,
				C9FCE87124660CAE0091371E /* Course+CoreDataProperties.swift in Sources */,
				C963F9E4246A1D9200B2FBEF /* CustomModifiers.swift in Sources */,
				C9AF9D5E24621AA8008B5994 /* GridIndex.swift in Sources */,
				C933067024645EE00059D49A /* StringList.swift in Sources */,
				C9D2A9FE244D1F5200CA8AAE /* ReminderForm.swift in Sources */,
				C9844BFE24549F0200345A26 /* CardStack.swift in Sources */,
				1312EF7823722DC100650D18 /* +Color.swift in Sources */,
				C9844C012454B0F400345A26 /* Deck.swift in Sources */,
				C9D01BB0247442AC00DBC8CA /* +Array.swift in Sources */,
				C9D2A9F5244BEDB600CA8AAE /* MarksView.swift in Sources */,
				C9A52E772448C4FD00C3EF9C /* DataCard.swift in Sources */,
				C90A796124736DC1008B40EF /* CourseRow.swift in Sources */,
				C9555B6F2450E8340031933D /* LottieView.swift in Sources */,
				1301E0F923428D2D0038ACA9 /* SceneDelegate.swift in Sources */,
				C9FDD70D244E56ED003A31CF /* ExamsView.swift in Sources */,
				13BD5C0623735A5E00B44A26 /* +Utils.swift in Sources */,
				C9D2A9F9244C0CD800CA8AAE /* StatsView.swift in Sources */,
				C9D01BAE24740F0D00DBC8CA /* ReminderRow.swift in Sources */,
				C9AF9D6024621BA9008B5994 /* ColorPickerView.swift in Sources */,
				C9EF67FA2453CA93005A2CA0 /* +Date.swift in Sources */,
				C9A52E792448C9D900C3EF9C /* CircularProgressBar.swift in Sources */,
				C9FCE87324660CAE0091371E /* Exam+CoreDataProperties.swift in Sources */,
				C9EF67F82453A92B005A2CA0 /* IconColorPickerView.swift in Sources */,
			);
			runOnlyForDeploymentPostprocessing = 0;
		};
		C9E24CBE24708A48001B2F08 /* Sources */ = {
			isa = PBXSourcesBuildPhase;
			buildActionMask = 2147483647;
			files = (
				C9E24CCD247091C2001B2F08 /* ViewModelTest.swift in Sources */,
				C9E24CC524708A48001B2F08 /* UniRadarTests.swift in Sources */,
			);
			runOnlyForDeploymentPostprocessing = 0;
		};
/* End PBXSourcesBuildPhase section */

/* Begin PBXTargetDependency section */
		C9E24CC824708A48001B2F08 /* PBXTargetDependency */ = {
			isa = PBXTargetDependency;
			target = 1301E0F223428D2D0038ACA9 /* UniRadar */;
			targetProxy = C9E24CC724708A48001B2F08 /* PBXContainerItemProxy */;
		};
/* End PBXTargetDependency section */

/* Begin PBXVariantGroup section */
		1301E10423428D2E0038ACA9 /* LaunchScreen.storyboard */ = {
			isa = PBXVariantGroup;
			children = (
				1301E10523428D2E0038ACA9 /* Base */,
				C9B8F127247299B600E7AE69 /* it */,
			);
			name = LaunchScreen.storyboard;
			sourceTree = "<group>";
		};
		C9B8F12C24729B1000E7AE69 /* Localizable.strings */ = {
			isa = PBXVariantGroup;
			children = (
				C9B8F12B24729B1000E7AE69 /* it */,
				C9B8F12D24729B1900E7AE69 /* en */,
			);
			name = Localizable.strings;
			sourceTree = "<group>";
		};
/* End PBXVariantGroup section */

/* Begin XCBuildConfiguration section */
		1301E10823428D2E0038ACA9 /* Debug */ = {
			isa = XCBuildConfiguration;
			buildSettings = {
				ALWAYS_SEARCH_USER_PATHS = NO;
				CLANG_ANALYZER_LOCALIZABILITY_NONLOCALIZED = YES;
				CLANG_ANALYZER_NONNULL = YES;
				CLANG_ANALYZER_NUMBER_OBJECT_CONVERSION = YES_AGGRESSIVE;
				CLANG_CXX_LANGUAGE_STANDARD = "gnu++14";
				CLANG_CXX_LIBRARY = "libc++";
				CLANG_ENABLE_MODULES = YES;
				CLANG_ENABLE_OBJC_ARC = YES;
				CLANG_ENABLE_OBJC_WEAK = YES;
				CLANG_WARN_BLOCK_CAPTURE_AUTORELEASING = YES;
				CLANG_WARN_BOOL_CONVERSION = YES;
				CLANG_WARN_COMMA = YES;
				CLANG_WARN_CONSTANT_CONVERSION = YES;
				CLANG_WARN_DEPRECATED_OBJC_IMPLEMENTATIONS = YES;
				CLANG_WARN_DIRECT_OBJC_ISA_USAGE = YES_ERROR;
				CLANG_WARN_DOCUMENTATION_COMMENTS = YES;
				CLANG_WARN_EMPTY_BODY = YES;
				CLANG_WARN_ENUM_CONVERSION = YES;
				CLANG_WARN_INFINITE_RECURSION = YES;
				CLANG_WARN_INT_CONVERSION = YES;
				CLANG_WARN_NON_LITERAL_NULL_CONVERSION = YES;
				CLANG_WARN_OBJC_IMPLICIT_RETAIN_SELF = YES;
				CLANG_WARN_OBJC_LITERAL_CONVERSION = YES;
				CLANG_WARN_OBJC_ROOT_CLASS = YES_ERROR;
				CLANG_WARN_RANGE_LOOP_ANALYSIS = YES;
				CLANG_WARN_STRICT_PROTOTYPES = YES;
				CLANG_WARN_SUSPICIOUS_MOVE = YES;
				CLANG_WARN_UNGUARDED_AVAILABILITY = YES_AGGRESSIVE;
				CLANG_WARN_UNREACHABLE_CODE = YES;
				CLANG_WARN__DUPLICATE_METHOD_MATCH = YES;
				COPY_PHASE_STRIP = NO;
				DEAD_CODE_STRIPPING = YES;
				DEBUG_INFORMATION_FORMAT = dwarf;
				ENABLE_STRICT_OBJC_MSGSEND = YES;
				ENABLE_TESTABILITY = YES;
				GCC_C_LANGUAGE_STANDARD = gnu11;
				GCC_DYNAMIC_NO_PIC = NO;
				GCC_NO_COMMON_BLOCKS = YES;
				GCC_OPTIMIZATION_LEVEL = 0;
				GCC_PREPROCESSOR_DEFINITIONS = (
					"DEBUG=1",
					"$(inherited)",
				);
				GCC_WARN_64_TO_32_BIT_CONVERSION = YES;
				GCC_WARN_ABOUT_RETURN_TYPE = YES_ERROR;
				GCC_WARN_UNDECLARED_SELECTOR = YES;
				GCC_WARN_UNINITIALIZED_AUTOS = YES_AGGRESSIVE;
				GCC_WARN_UNUSED_FUNCTION = YES;
				GCC_WARN_UNUSED_VARIABLE = YES;
				IPHONEOS_DEPLOYMENT_TARGET = 13.0;
				MTL_ENABLE_DEBUG_INFO = INCLUDE_SOURCE;
				MTL_FAST_MATH = YES;
				ONLY_ACTIVE_ARCH = YES;
				SDKROOT = iphoneos;
				SWIFT_ACTIVE_COMPILATION_CONDITIONS = DEBUG;
				SWIFT_OPTIMIZATION_LEVEL = "-Onone";
			};
			name = Debug;
		};
		1301E10923428D2E0038ACA9 /* Release */ = {
			isa = XCBuildConfiguration;
			buildSettings = {
				ALWAYS_SEARCH_USER_PATHS = NO;
				CLANG_ANALYZER_LOCALIZABILITY_NONLOCALIZED = YES;
				CLANG_ANALYZER_NONNULL = YES;
				CLANG_ANALYZER_NUMBER_OBJECT_CONVERSION = YES_AGGRESSIVE;
				CLANG_CXX_LANGUAGE_STANDARD = "gnu++14";
				CLANG_CXX_LIBRARY = "libc++";
				CLANG_ENABLE_MODULES = YES;
				CLANG_ENABLE_OBJC_ARC = YES;
				CLANG_ENABLE_OBJC_WEAK = YES;
				CLANG_WARN_BLOCK_CAPTURE_AUTORELEASING = YES;
				CLANG_WARN_BOOL_CONVERSION = YES;
				CLANG_WARN_COMMA = YES;
				CLANG_WARN_CONSTANT_CONVERSION = YES;
				CLANG_WARN_DEPRECATED_OBJC_IMPLEMENTATIONS = YES;
				CLANG_WARN_DIRECT_OBJC_ISA_USAGE = YES_ERROR;
				CLANG_WARN_DOCUMENTATION_COMMENTS = YES;
				CLANG_WARN_EMPTY_BODY = YES;
				CLANG_WARN_ENUM_CONVERSION = YES;
				CLANG_WARN_INFINITE_RECURSION = YES;
				CLANG_WARN_INT_CONVERSION = YES;
				CLANG_WARN_NON_LITERAL_NULL_CONVERSION = YES;
				CLANG_WARN_OBJC_IMPLICIT_RETAIN_SELF = YES;
				CLANG_WARN_OBJC_LITERAL_CONVERSION = YES;
				CLANG_WARN_OBJC_ROOT_CLASS = YES_ERROR;
				CLANG_WARN_RANGE_LOOP_ANALYSIS = YES;
				CLANG_WARN_STRICT_PROTOTYPES = YES;
				CLANG_WARN_SUSPICIOUS_MOVE = YES;
				CLANG_WARN_UNGUARDED_AVAILABILITY = YES_AGGRESSIVE;
				CLANG_WARN_UNREACHABLE_CODE = YES;
				CLANG_WARN__DUPLICATE_METHOD_MATCH = YES;
				COPY_PHASE_STRIP = NO;
				DEAD_CODE_STRIPPING = YES;
				DEBUG_INFORMATION_FORMAT = "dwarf-with-dsym";
				ENABLE_NS_ASSERTIONS = NO;
				ENABLE_STRICT_OBJC_MSGSEND = YES;
				GCC_C_LANGUAGE_STANDARD = gnu11;
				GCC_NO_COMMON_BLOCKS = YES;
				GCC_WARN_64_TO_32_BIT_CONVERSION = YES;
				GCC_WARN_ABOUT_RETURN_TYPE = YES_ERROR;
				GCC_WARN_UNDECLARED_SELECTOR = YES;
				GCC_WARN_UNINITIALIZED_AUTOS = YES_AGGRESSIVE;
				GCC_WARN_UNUSED_FUNCTION = YES;
				GCC_WARN_UNUSED_VARIABLE = YES;
				IPHONEOS_DEPLOYMENT_TARGET = 13.0;
				MTL_ENABLE_DEBUG_INFO = NO;
				MTL_FAST_MATH = YES;
				SDKROOT = iphoneos;
				SWIFT_COMPILATION_MODE = wholemodule;
				SWIFT_OPTIMIZATION_LEVEL = "-O";
				VALIDATE_PRODUCT = YES;
			};
			name = Release;
		};
		1301E10B23428D2E0038ACA9 /* Debug */ = {
			isa = XCBuildConfiguration;
			buildSettings = {
				ASSETCATALOG_COMPILER_APPICON_NAME = AppIcon;
				CODE_SIGN_ENTITLEMENTS = UniRadar/Lode.entitlements;
				CODE_SIGN_STYLE = Automatic;
				CURRENT_PROJECT_VERSION = 2;
				DEAD_CODE_STRIPPING = NO;
				DEVELOPMENT_ASSET_PATHS = "\"UniRadar/Preview Content\"";
				DEVELOPMENT_TEAM = H89RFW5UZ6;
				ENABLE_PREVIEWS = YES;
				INFOPLIST_FILE = UniRadar/Info.plist;
				LD_RUNPATH_SEARCH_PATHS = (
					"$(inherited)",
					"@executable_path/Frameworks",
				);
				MARKETING_VERSION = 1.1;
				PRODUCT_BUNDLE_IDENTIFIER = com.mattrighetti.Lode;
				PRODUCT_NAME = Lode;
				SUPPORTS_MACCATALYST = YES;
				SWIFT_VERSION = 5.0;
				TARGETED_DEVICE_FAMILY = "1,2";
			};
			name = Debug;
		};
		1301E10C23428D2E0038ACA9 /* Release */ = {
			isa = XCBuildConfiguration;
			buildSettings = {
				ASSETCATALOG_COMPILER_APPICON_NAME = AppIcon;
				CODE_SIGN_ENTITLEMENTS = UniRadar/Lode.entitlements;
				CODE_SIGN_STYLE = Automatic;
				CURRENT_PROJECT_VERSION = 2;
				DEAD_CODE_STRIPPING = NO;
				DEVELOPMENT_ASSET_PATHS = "\"UniRadar/Preview Content\"";
				DEVELOPMENT_TEAM = H89RFW5UZ6;
				ENABLE_PREVIEWS = YES;
				INFOPLIST_FILE = UniRadar/Info.plist;
				LD_RUNPATH_SEARCH_PATHS = (
					"$(inherited)",
					"@executable_path/Frameworks",
				);
				MARKETING_VERSION = 1.1;
				PRODUCT_BUNDLE_IDENTIFIER = com.mattrighetti.Lode;
				PRODUCT_NAME = Lode;
				SUPPORTS_MACCATALYST = YES;
				SWIFT_VERSION = 5.0;
				TARGETED_DEVICE_FAMILY = "1,2";
			};
			name = Release;
		};
		C9E24CC924708A48001B2F08 /* Debug */ = {
			isa = XCBuildConfiguration;
			buildSettings = {
				BUNDLE_LOADER = "$(TEST_HOST)";
				CODE_SIGN_STYLE = Automatic;
				DEVELOPMENT_TEAM = H89RFW5UZ6;
				INFOPLIST_FILE = UniRadarTests/Info.plist;
				IPHONEOS_DEPLOYMENT_TARGET = 13.5;
				LD_RUNPATH_SEARCH_PATHS = (
					"$(inherited)",
					"@executable_path/Frameworks",
					"@loader_path/Frameworks",
				);
				PRODUCT_BUNDLE_IDENTIFIER = com.mattiarighetti.UniRadarTests;
				PRODUCT_NAME = "$(TARGET_NAME)";
				SWIFT_VERSION = 5.0;
				TARGETED_DEVICE_FAMILY = "1,2";
				TEST_HOST = "$(BUILT_PRODUCTS_DIR)/UniRadar.app/UniRadar";
			};
			name = Debug;
		};
		C9E24CCA24708A48001B2F08 /* Release */ = {
			isa = XCBuildConfiguration;
			buildSettings = {
				BUNDLE_LOADER = "$(TEST_HOST)";
				CODE_SIGN_STYLE = Automatic;
				DEVELOPMENT_TEAM = H89RFW5UZ6;
				INFOPLIST_FILE = UniRadarTests/Info.plist;
				IPHONEOS_DEPLOYMENT_TARGET = 13.5;
				LD_RUNPATH_SEARCH_PATHS = (
					"$(inherited)",
					"@executable_path/Frameworks",
					"@loader_path/Frameworks",
				);
				PRODUCT_BUNDLE_IDENTIFIER = com.mattiarighetti.UniRadarTests;
				PRODUCT_NAME = "$(TARGET_NAME)";
				SWIFT_VERSION = 5.0;
				TARGETED_DEVICE_FAMILY = "1,2";
				TEST_HOST = "$(BUILT_PRODUCTS_DIR)/UniRadar.app/UniRadar";
			};
			name = Release;
		};
/* End XCBuildConfiguration section */

/* Begin XCConfigurationList section */
		1301E0EE23428D2D0038ACA9 /* Build configuration list for PBXProject "UniRadar" */ = {
			isa = XCConfigurationList;
			buildConfigurations = (
				1301E10823428D2E0038ACA9 /* Debug */,
				1301E10923428D2E0038ACA9 /* Release */,
			);
			defaultConfigurationIsVisible = 0;
			defaultConfigurationName = Release;
		};
		1301E10A23428D2E0038ACA9 /* Build configuration list for PBXNativeTarget "UniRadar" */ = {
			isa = XCConfigurationList;
			buildConfigurations = (
				1301E10B23428D2E0038ACA9 /* Debug */,
				1301E10C23428D2E0038ACA9 /* Release */,
			);
			defaultConfigurationIsVisible = 0;
			defaultConfigurationName = Release;
		};
		C9E24CCB24708A48001B2F08 /* Build configuration list for PBXNativeTarget "UniRadarTests" */ = {
			isa = XCConfigurationList;
			buildConfigurations = (
				C9E24CC924708A48001B2F08 /* Debug */,
				C9E24CCA24708A48001B2F08 /* Release */,
			);
			defaultConfigurationIsVisible = 0;
			defaultConfigurationName = Release;
		};
/* End XCConfigurationList section */

/* Begin XCRemoteSwiftPackageReference section */
		C9555B6B2450E6820031933D /* XCRemoteSwiftPackageReference "lottie-ios" */ = {
			isa = XCRemoteSwiftPackageReference;
			repositoryURL = "https://github.com/airbnb/lottie-ios";
			requirement = {
				kind = upToNextMajorVersion;
				minimumVersion = 3.1.6;
			};
		};
/* End XCRemoteSwiftPackageReference section */

/* Begin XCSwiftPackageProductDependency section */
		C9555B6C2450E6820031933D /* Lottie */ = {
			isa = XCSwiftPackageProductDependency;
			package = C9555B6B2450E6820031933D /* XCRemoteSwiftPackageReference "lottie-ios" */;
			productName = Lottie;
		};
/* End XCSwiftPackageProductDependency section */

/* Begin XCVersionGroup section */
		C984E888245EA2F3003FF668 /* DataModel.xcdatamodeld */ = {
			isa = XCVersionGroup;
			children = (
				C984E889245EA2F3003FF668 /* DataModel.xcdatamodel */,
			);
			currentVersion = C984E889245EA2F3003FF668 /* DataModel.xcdatamodel */;
			path = DataModel.xcdatamodeld;
			sourceTree = "<group>";
			versionGroupType = wrapper.xcdatamodel;
		};
/* End XCVersionGroup section */
	};
	rootObject = 1301E0EB23428D2D0038ACA9 /* Project object */;
}
